// !$*UTF8*$!
{
	archiveVersion = 1;
	classes = {
	};
	objectVersion = 48;
	objects = {

/* Begin PBXBuildFile section */
		044FE84520890D9500C973C1 /* AppDelegate.swift in Sources */ = {isa = PBXBuildFile; fileRef = 044FE84420890D9500C973C1 /* AppDelegate.swift */; };
		044FE84720890D9500C973C1 /* ViewController.swift in Sources */ = {isa = PBXBuildFile; fileRef = 044FE84620890D9500C973C1 /* ViewController.swift */; };
		044FE84A20890D9500C973C1 /* Main.storyboard in Resources */ = {isa = PBXBuildFile; fileRef = 044FE84820890D9500C973C1 /* Main.storyboard */; };
		044FE84C20890D9500C973C1 /* Assets.xcassets in Resources */ = {isa = PBXBuildFile; fileRef = 044FE84B20890D9500C973C1 /* Assets.xcassets */; };
		044FE84F20890D9500C973C1 /* LaunchScreen.storyboard in Resources */ = {isa = PBXBuildFile; fileRef = 044FE84D20890D9500C973C1 /* LaunchScreen.storyboard */; };
		044FE85D2089116900C973C1 /* ActionViewController.swift in Sources */ = {isa = PBXBuildFile; fileRef = 044FE85C2089116900C973C1 /* ActionViewController.swift */; };
		044FE8602089116900C973C1 /* MainInterface.storyboard in Resources */ = {isa = PBXBuildFile; fileRef = 044FE85E2089116900C973C1 /* MainInterface.storyboard */; };
		044FE8642089116900C973C1 /* Extension.appex in Embed App Extensions */ = {isa = PBXBuildFile; fileRef = 044FE85A2089116900C973C1 /* Extension.appex */; settings = {ATTRIBUTES = (RemoveHeadersOnCopy, ); }; };
		044FE87F20A0BBCA00C973C1 /* Action.js in Resources */ = {isa = PBXBuildFile; fileRef = 044FE87E20A0BBCA00C973C1 /* Action.js */; };
/* End PBXBuildFile section */

/* Begin PBXContainerItemProxy section */
		044FE8622089116900C973C1 /* PBXContainerItemProxy */ = {
			isa = PBXContainerItemProxy;
			containerPortal = 044FE83920890D9500C973C1 /* Project object */;
			proxyType = 1;
			remoteGlobalIDString = 044FE8592089116900C973C1;
			remoteInfo = Extension;
		};
/* End PBXContainerItemProxy section */

/* Begin PBXCopyFilesBuildPhase section */
		044FE8682089116900C973C1 /* Embed App Extensions */ = {
			isa = PBXCopyFilesBuildPhase;
			buildActionMask = 2147483647;
			dstPath = "";
			dstSubfolderSpec = 13;
			files = (
				044FE8642089116900C973C1 /* Extension.appex in Embed App Extensions */,
			);
			name = "Embed App Extensions";
			runOnlyForDeploymentPostprocessing = 0;
		};
/* End PBXCopyFilesBuildPhase section */

/* Begin PBXFileReference section */
		044FE84120890D9500C973C1 /* Project16.app */ = {isa = PBXFileReference; explicitFileType = wrapper.application; includeInIndex = 0; path = Project16.app; sourceTree = BUILT_PRODUCTS_DIR; };
		044FE84420890D9500C973C1 /* AppDelegate.swift */ = {isa = PBXFileReference; lastKnownFileType = sourcecode.swift; path = AppDelegate.swift; sourceTree = "<group>"; };
		044FE84620890D9500C973C1 /* ViewController.swift */ = {isa = PBXFileReference; lastKnownFileType = sourcecode.swift; path = ViewController.swift; sourceTree = "<group>"; };
		044FE84920890D9500C973C1 /* Base */ = {isa = PBXFileReference; lastKnownFileType = file.storyboard; name = Base; path = Base.lproj/Main.storyboard; sourceTree = "<group>"; };
		044FE84B20890D9500C973C1 /* Assets.xcassets */ = {isa = PBXFileReference; lastKnownFileType = folder.assetcatalog; path = Assets.xcassets; sourceTree = "<group>"; };
		044FE84E20890D9500C973C1 /* Base */ = {isa = PBXFileReference; lastKnownFileType = file.storyboard; name = Base; path = Base.lproj/LaunchScreen.storyboard; sourceTree = "<group>"; };
		044FE85020890D9500C973C1 /* Info.plist */ = {isa = PBXFileReference; lastKnownFileType = text.plist.xml; path = Info.plist; sourceTree = "<group>"; };
		044FE85A2089116900C973C1 /* Extension.appex */ = {isa = PBXFileReference; explicitFileType = "wrapper.app-extension"; includeInIndex = 0; path = Extension.appex; sourceTree = BUILT_PRODUCTS_DIR; };
		044FE85C2089116900C973C1 /* ActionViewController.swift */ = {isa = PBXFileReference; lastKnownFileType = sourcecode.swift; path = ActionViewController.swift; sourceTree = "<group>"; };
		044FE85F2089116900C973C1 /* Base */ = {isa = PBXFileReference; lastKnownFileType = file.storyboard; name = Base; path = Base.lproj/MainInterface.storyboard; sourceTree = "<group>"; };
		044FE8612089116900C973C1 /* Info.plist */ = {isa = PBXFileReference; lastKnownFileType = text.plist.xml; path = Info.plist; sourceTree = "<group>"; };
		044FE87E20A0BBCA00C973C1 /* Action.js */ = {isa = PBXFileReference; lastKnownFileType = sourcecode.javascript; path = Action.js; sourceTree = "<group>"; };
/* End PBXFileReference section */

/* Begin PBXFrameworksBuildPhase section */
		044FE83E20890D9500C973C1 /* Frameworks */ = {
			isa = PBXFrameworksBuildPhase;
			buildActionMask = 2147483647;
			files = (
			);
			runOnlyForDeploymentPostprocessing = 0;
		};
		044FE8572089116900C973C1 /* Frameworks */ = {
			isa = PBXFrameworksBuildPhase;
			buildActionMask = 2147483647;
			files = (
			);
			runOnlyForDeploymentPostprocessing = 0;
		};
/* End PBXFrameworksBuildPhase section */

/* Begin PBXGroup section */
		044FE83820890D9500C973C1 = {
			isa = PBXGroup;
			children = (
				044FE84320890D9500C973C1 /* Project16 */,
				044FE85B2089116900C973C1 /* Extension */,
				044FE84220890D9500C973C1 /* Products */,
			);
			sourceTree = "<group>";
		};
		044FE84220890D9500C973C1 /* Products */ = {
			isa = PBXGroup;
			children = (
				044FE84120890D9500C973C1 /* Project16.app */,
				044FE85A2089116900C973C1 /* Extension.appex */,
			);
			name = Products;
			sourceTree = "<group>";
		};
		044FE84320890D9500C973C1 /* Project16 */ = {
			isa = PBXGroup;
			children = (
				044FE84420890D9500C973C1 /* AppDelegate.swift */,
				044FE84620890D9500C973C1 /* ViewController.swift */,
				044FE84820890D9500C973C1 /* Main.storyboard */,
				044FE84B20890D9500C973C1 /* Assets.xcassets */,
				044FE84D20890D9500C973C1 /* LaunchScreen.storyboard */,
				044FE85020890D9500C973C1 /* Info.plist */,
			);
			path = Project16;
			sourceTree = "<group>";
		};
		044FE85B2089116900C973C1 /* Extension */ = {
			isa = PBXGroup;
			children = (
				044FE85C2089116900C973C1 /* ActionViewController.swift */,
				044FE85E2089116900C973C1 /* MainInterface.storyboard */,
				044FE8612089116900C973C1 /* Info.plist */,
				044FE87E20A0BBCA00C973C1 /* Action.js */,
			);
			path = Extension;
			sourceTree = "<group>";
		};
/* End PBXGroup section */

/* Begin PBXNativeTarget section */
		044FE84020890D9500C973C1 /* Project16 */ = {
			isa = PBXNativeTarget;
			buildConfigurationList = 044FE85320890D9500C973C1 /* Build configuration list for PBXNativeTarget "Project16" */;
			buildPhases = (
				044FE83D20890D9500C973C1 /* Sources */,
				044FE83E20890D9500C973C1 /* Frameworks */,
				044FE83F20890D9500C973C1 /* Resources */,
				044FE8682089116900C973C1 /* Embed App Extensions */,
			);
			buildRules = (
			);
			dependencies = (
				044FE8632089116900C973C1 /* PBXTargetDependency */,
			);
			name = Project16;
			productName = Project16;
			productReference = 044FE84120890D9500C973C1 /* Project16.app */;
			productType = "com.apple.product-type.application";
		};
		044FE8592089116900C973C1 /* Extension */ = {
			isa = PBXNativeTarget;
			buildConfigurationList = 044FE8652089116900C973C1 /* Build configuration list for PBXNativeTarget "Extension" */;
			buildPhases = (
				044FE8562089116900C973C1 /* Sources */,
				044FE8572089116900C973C1 /* Frameworks */,
				044FE8582089116900C973C1 /* Resources */,
			);
			buildRules = (
			);
			dependencies = (
			);
			name = Extension;
			productName = Extension;
			productReference = 044FE85A2089116900C973C1 /* Extension.appex */;
			productType = "com.apple.product-type.app-extension";
		};
/* End PBXNativeTarget section */

/* Begin PBXProject section */
		044FE83920890D9500C973C1 /* Project object */ = {
			isa = PBXProject;
			attributes = {
				LastSwiftUpdateCheck = 0920;
				LastUpgradeCheck = 0920;
				ORGANIZATIONNAME = "Sabrina Fletcher";
				TargetAttributes = {
					044FE84020890D9500C973C1 = {
						CreatedOnToolsVersion = 9.2;
						ProvisioningStyle = Automatic;
					};
					044FE8592089116900C973C1 = {
						CreatedOnToolsVersion = 9.2;
						ProvisioningStyle = Automatic;
					};
				};
			};
			buildConfigurationList = 044FE83C20890D9500C973C1 /* Build configuration list for PBXProject "Project16" */;
			compatibilityVersion = "Xcode 8.0";
			developmentRegion = en;
			hasScannedForEncodings = 0;
			knownRegions = (
				en,
				Base,
			);
			mainGroup = 044FE83820890D9500C973C1;
			productRefGroup = 044FE84220890D9500C973C1 /* Products */;
			projectDirPath = "";
			projectRoot = "";
			targets = (
				044FE84020890D9500C973C1 /* Project16 */,
				044FE8592089116900C973C1 /* Extension */,
			);
		};
/* End PBXProject section */

/* Begin PBXResourcesBuildPhase section */
		044FE83F20890D9500C973C1 /* Resources */ = {
			isa = PBXResourcesBuildPhase;
			buildActionMask = 2147483647;
			files = (
				044FE84F20890D9500C973C1 /* LaunchScreen.storyboard in Resources */,
				044FE84C20890D9500C973C1 /* Assets.xcassets in Resources */,
				044FE84A20890D9500C973C1 /* Main.storyboard in Resources */,
			);
			runOnlyForDeploymentPostprocessing = 0;
		};
		044FE8582089116900C973C1 /* Resources */ = {
			isa = PBXResourcesBuildPhase;
			buildActionMask = 2147483647;
			files = (
				044FE87F20A0BBCA00C973C1 /* Action.js in Resources */,
				044FE8602089116900C973C1 /* MainInterface.storyboard in Resources */,
			);
			runOnlyForDeploymentPostprocessing = 0;
		};
/* End PBXResourcesBuildPhase section */

/* Begin PBXSourcesBuildPhase section */
		044FE83D20890D9500C973C1 /* Sources */ = {
			isa = PBXSourcesBuildPhase;
			buildActionMask = 2147483647;
			files = (
				044FE84720890D9500C973C1 /* ViewController.swift in Sources */,
				044FE84520890D9500C973C1 /* AppDelegate.swift in Sources */,
			);
			runOnlyForDeploymentPostprocessing = 0;
		};
		044FE8562089116900C973C1 /* Sources */ = {
			isa = PBXSourcesBuildPhase;
			buildActionMask = 2147483647;
			files = (
				044FE85D2089116900C973C1 /* ActionViewController.swift in Sources */,
			);
			runOnlyForDeploymentPostprocessing = 0;
		};
/* End PBXSourcesBuildPhase section */

/* Begin PBXTargetDependency section */
		044FE8632089116900C973C1 /* PBXTargetDependency */ = {
			isa = PBXTargetDependency;
			target = 044FE8592089116900C973C1 /* Extension */;
			targetProxy = 044FE8622089116900C973C1 /* PBXContainerItemProxy */;
		};
/* End PBXTargetDependency section */

/* Begin PBXVariantGroup section */
		044FE84820890D9500C973C1 /* Main.storyboard */ = {
			isa = PBXVariantGroup;
			children = (
				044FE84920890D9500C973C1 /* Base */,
			);
			name = Main.storyboard;
			sourceTree = "<group>";
		};
		044FE84D20890D9500C973C1 /* LaunchScreen.storyboard */ = {
			isa = PBXVariantGroup;
			children = (
				044FE84E20890D9500C973C1 /* Base */,
			);
			name = LaunchScreen.storyboard;
			sourceTree = "<group>";
		};
		044FE85E2089116900C973C1 /* MainInterface.storyboard */ = {
			isa = PBXVariantGroup;
			children = (
				044FE85F2089116900C973C1 /* Base */,
			);
			name = MainInterface.storyboard;
			sourceTree = "<group>";
		};
/* End PBXVariantGroup section */

/* Begin XCBuildConfiguration section */
		044FE85120890D9500C973C1 /* Debug */ = {
			isa = XCBuildConfiguration;
			buildSettings = {
				ALWAYS_SEARCH_USER_PATHS = NO;
				CLANG_ANALYZER_NONNULL = YES;
				CLANG_ANALYZER_NUMBER_OBJECT_CONVERSION = YES_AGGRESSIVE;
				CLANG_CXX_LANGUAGE_STANDARD = "gnu++14";
				CLANG_CXX_LIBRARY = "libc++";
				CLANG_ENABLE_MODULES = YES;
				CLANG_ENABLE_OBJC_ARC = YES;
				CLANG_WARN_BLOCK_CAPTURE_AUTORELEASING = YES;
				CLANG_WARN_BOOL_CONVERSION = YES;
				CLANG_WARN_COMMA = YES;
				CLANG_WARN_CONSTANT_CONVERSION = YES;
				CLANG_WARN_DIRECT_OBJC_ISA_USAGE = YES_ERROR;
				CLANG_WARN_DOCUMENTATION_COMMENTS = YES;
				CLANG_WARN_EMPTY_BODY = YES;
				CLANG_WARN_ENUM_CONVERSION = YES;
				CLANG_WARN_INFINITE_RECURSION = YES;
				CLANG_WARN_INT_CONVERSION = YES;
				CLANG_WARN_NON_LITERAL_NULL_CONVERSION = YES;
				CLANG_WARN_OBJC_LITERAL_CONVERSION = YES;
				CLANG_WARN_OBJC_ROOT_CLASS = YES_ERROR;
				CLANG_WARN_RANGE_LOOP_ANALYSIS = YES;
				CLANG_WARN_STRICT_PROTOTYPES = YES;
				CLANG_WARN_SUSPICIOUS_MOVE = YES;
				CLANG_WARN_UNGUARDED_AVAILABILITY = YES_AGGRESSIVE;
				CLANG_WARN_UNREACHABLE_CODE = YES;
				CLANG_WARN__DUPLICATE_METHOD_MATCH = YES;
				CODE_SIGN_IDENTITY = "iPhone Developer";
				COPY_PHASE_STRIP = NO;
				DEBUG_INFORMATION_FORMAT = dwarf;
				ENABLE_STRICT_OBJC_MSGSEND = YES;
				ENABLE_TESTABILITY = YES;
				GCC_C_LANGUAGE_STANDARD = gnu11;
				GCC_DYNAMIC_NO_PIC = NO;
				GCC_NO_COMMON_BLOCKS = YES;
				GCC_OPTIMIZATION_LEVEL = 0;
				GCC_PREPROCESSOR_DEFINITIONS = (
					"DEBUG=1",
					"$(inherited)",
				);
				GCC_WARN_64_TO_32_BIT_CONVERSION = YES;
				GCC_WARN_ABOUT_RETURN_TYPE = YES_ERROR;
				GCC_WARN_UNDECLARED_SELECTOR = YES;
				GCC_WARN_UNINITIALIZED_AUTOS = YES_AGGRESSIVE;
				GCC_WARN_UNUSED_FUNCTION = YES;
				GCC_WARN_UNUSED_VARIABLE = YES;
				IPHONEOS_DEPLOYMENT_TARGET = 11.2;
				MTL_ENABLE_DEBUG_INFO = YES;
				ONLY_ACTIVE_ARCH = YES;
				SDKROOT = iphoneos;
				SWIFT_ACTIVE_COMPILATION_CONDITIONS = DEBUG;
				SWIFT_OPTIMIZATION_LEVEL = "-Onone";
			};
			name = Debug;
		};
		044FE85220890D9500C973C1 /* Release */ = {
			isa = XCBuildConfiguration;
			buildSettings = {
				ALWAYS_SEARCH_USER_PATHS = NO;
				CLANG_ANALYZER_NONNULL = YES;
				CLANG_ANALYZER_NUMBER_OBJECT_CONVERSION = YES_AGGRESSIVE;
				CLANG_CXX_LANGUAGE_STANDARD = "gnu++14";
				CLANG_CXX_LIBRARY = "libc++";
				CLANG_ENABLE_MODULES = YES;
				CLANG_ENABLE_OBJC_ARC = YES;
				CLANG_WARN_BLOCK_CAPTURE_AUTORELEASING = YES;
				CLANG_WARN_BOOL_CONVERSION = YES;
				CLANG_WARN_COMMA = YES;
				CLANG_WARN_CONSTANT_CONVERSION = YES;
				CLANG_WARN_DIRECT_OBJC_ISA_USAGE = YES_ERROR;
				CLANG_WARN_DOCUMENTATION_COMMENTS = YES;
				CLANG_WARN_EMPTY_BODY = YES;
				CLANG_WARN_ENUM_CONVERSION = YES;
				CLANG_WARN_INFINITE_RECURSION = YES;
				CLANG_WARN_INT_CONVERSION = YES;
				CLANG_WARN_NON_LITERAL_NULL_CONVERSION = YES;
				CLANG_WARN_OBJC_LITERAL_CONVERSION = YES;
				CLANG_WARN_OBJC_ROOT_CLASS = YES_ERROR;
				CLANG_WARN_RANGE_LOOP_ANALYSIS = YES;
				CLANG_WARN_STRICT_PROTOTYPES = YES;
				CLANG_WARN_SUSPICIOUS_MOVE = YES;
				CLANG_WARN_UNGUARDED_AVAILABILITY = YES_AGGRESSIVE;
				CLANG_WARN_UNREACHABLE_CODE = YES;
				CLANG_WARN__DUPLICATE_METHOD_MATCH = YES;
				CODE_SIGN_IDENTITY = "iPhone Developer";
				COPY_PHASE_STRIP = NO;
				DEBUG_INFORMATION_FORMAT = "dwarf-with-dsym";
				ENABLE_NS_ASSERTIONS = NO;
				ENABLE_STRICT_OBJC_MSGSEND = YES;
				GCC_C_LANGUAGE_STANDARD = gnu11;
				GCC_NO_COMMON_BLOCKS = YES;
				GCC_WARN_64_TO_32_BIT_CONVERSION = YES;
				GCC_WARN_ABOUT_RETURN_TYPE = YES_ERROR;
				GCC_WARN_UNDECLARED_SELECTOR = YES;
				GCC_WARN_UNINITIALIZED_AUTOS = YES_AGGRESSIVE;
				GCC_WARN_UNUSED_FUNCTION = YES;
				GCC_WARN_UNUSED_VARIABLE = YES;
				IPHONEOS_DEPLOYMENT_TARGET = 11.2;
				MTL_ENABLE_DEBUG_INFO = NO;
				SDKROOT = iphoneos;
				SWIFT_OPTIMIZATION_LEVEL = "-Owholemodule";
				VALIDATE_PRODUCT = YES;
			};
			name = Release;
		};
		044FE85420890D9500C973C1 /* Debug */ = {
			isa = XCBuildConfiguration;
			buildSettings = {
				ALWAYS_EMBED_SWIFT_STANDARD_LIBRARIES = YES;
				ASSETCATALOG_COMPILER_APPICON_NAME = AppIcon;
				CODE_SIGN_STYLE = Automatic;
				DEVELOPMENT_TEAM = FUWHW8446R;
				INFOPLIST_FILE = Project16/Info.plist;
				LD_RUNPATH_SEARCH_PATHS = "$(inherited) @executable_path/Frameworks";
				PRODUCT_BUNDLE_IDENTIFIER = com.SabrinaFletcher.Project16;
				PRODUCT_NAME = "$(TARGET_NAME)";
				SWIFT_VERSION = 4.0;
				TARGETED_DEVICE_FAMILY = "1,2";
			};
			name = Debug;
		};
		044FE85520890D9500C973C1 /* Release */ = {
			isa = XCBuildConfiguration;
			buildSettings = {
				ALWAYS_EMBED_SWIFT_STANDARD_LIBRARIES = YES;
				ASSETCATALOG_COMPILER_APPICON_NAME = AppIcon;
				CODE_SIGN_STYLE = Automatic;
				DEVELOPMENT_TEAM = FUWHW8446R;
				INFOPLIST_FILE = Project16/Info.plist;
				LD_RUNPATH_SEARCH_PATHS = "$(inherited) @executable_path/Frameworks";
				PRODUCT_BUNDLE_IDENTIFIER = com.SabrinaFletcher.Project16;
				PRODUCT_NAME = "$(TARGET_NAME)";
				SWIFT_VERSION = 4.0;
				TARGETED_DEVICE_FAMILY = "1,2";
			};
			name = Release;
		};
		044FE8662089116900C973C1 /* Debug */ = {
			isa = XCBuildConfiguration;
			buildSettings = {
				CODE_SIGN_STYLE = Automatic;
				DEVELOPMENT_TEAM = FUWHW8446R;
				INFOPLIST_FILE = Extension/Info.plist;
				LD_RUNPATH_SEARCH_PATHS = "$(inherited) @executable_path/Frameworks @executable_path/../../Frameworks";
				PRODUCT_BUNDLE_IDENTIFIER = com.SabrinaFletcher.Project16.Extension;
				PRODUCT_NAME = "$(TARGET_NAME)";
				SKIP_INSTALL = YES;
				SWIFT_VERSION = 4.0;
				TARGETED_DEVICE_FAMILY = "1,2";
			};
			name = Debug;
		};
		044FE8672089116900C973C1 /* Release */ = {
			isa = XCBuildConfiguration;
			buildSettings = {
				CODE_SIGN_STYLE = Automatic;
				DEVELOPMENT_TEAM = FUWHW8446R;
				INFOPLIST_FILE = Extension/Info.plist;
				LD_RUNPATH_SEARCH_PATHS = "$(inherited) @executable_path/Frameworks @executable_path/../../Frameworks";
				PRODUCT_BUNDLE_IDENTIFIER = com.SabrinaFletcher.Project16.Extension;
				PRODUCT_NAME = "$(TARGET_NAME)";
				SKIP_INSTALL = YES;
				SWIFT_VERSION = 4.0;
				TARGETED_DEVICE_FAMILY = "1,2";
			};
			name = Release;
		};
/* End XCBuildConfiguration section */

/* Begin XCConfigurationList section */
		044FE83C20890D9500C973C1 /* Build configuration list for PBXProject "Project16" */ = {
			isa = XCConfigurationList;
			buildConfigurations = (
				044FE85120890D9500C973C1 /* Debug */,
				044FE85220890D9500C973C1 /* Release */,
			);
			defaultConfigurationIsVisible = 0;
			defaultConfigurationName = Release;
		};
		044FE85320890D9500C973C1 /* Build configuration list for PBXNativeTarget "Project16" */ = {
			isa = XCConfigurationList;
			buildConfigurations = (
				044FE85420890D9500C973C1 /* Debug */,
				044FE85520890D9500C973C1 /* Release */,
			);
			defaultConfigurationIsVisible = 0;
			defaultConfigurationName = Release;
		};
		044FE8652089116900C973C1 /* Build configuration list for PBXNativeTarget "Extension" */ = {
			isa = XCConfigurationList;
			buildConfigurations = (
				044FE8662089116900C973C1 /* Debug */,
				044FE8672089116900C973C1 /* Release */,
			);
			defaultConfigurationIsVisible = 0;
			defaultConfigurationName = Release;
		};
/* End XCConfigurationList section */
	};
	rootObject = 044FE83920890D9500C973C1 /* Project object */;
}
